
Microsoft Visual Studio Solution File, Format Version 12.00
# Visual Studio Version 17
VisualStudioVersion = 17.4.33213.308
MinimumVisualStudioVersion = 10.0.40219.1
Project("{9A19103F-16F7-4668-BE54-9A1E7A4F7556}") = "BulkyBookWeb", "BulkyyBookWeb\BulkyBookWeb.csproj", "{EFA1E5D4-2252-4D14-9EBC-86EBE1EDB9E7}"
EndProject
Project("{FAE04EC0-301F-11D3-BF4B-00C04F79EFBC}") = "BulkyBookRazor", "BulkyBookRazor\BulkyBookRazor.csproj", "{4F986E49-79C5-44C4-A881-8FCE4E8B8199}"
EndProject
Project("{FAE04EC0-301F-11D3-BF4B-00C04F79EFBC}") = "BulkyBook.DataAccess", "BulkyBook.DataAccess\BulkyBook.DataAccess.csproj", "{06CD1D86-198D-4CE2-A5D0-7B5D46C7D105}"
EndProject
Project("{FAE04EC0-301F-11D3-BF4B-00C04F79EFBC}") = "BulkyBook.Models", "BulkyBook.Models\BulkyBook.Models.csproj", "{ADCD1A6D-0883-47BF-A802-7541CBCB9C5F}"
EndProject
Project("{FAE04EC0-301F-11D3-BF4B-00C04F79EFBC}") = "BulkyBook.Utility", "BulkyBook.Utility\BulkyBook.Utility.csproj", "{B114B65F-FD8F-4BAF-B85D-5B6CAAC4B7CD}"
EndProject
Global
	GlobalSection(SolutionConfigurationPlatforms) = preSolution
		Debug|Any CPU = Debug|Any CPU
		Release|Any CPU = Release|Any CPU
	EndGlobalSection
	GlobalSection(ProjectConfigurationPlatforms) = postSolution
		{EFA1E5D4-2252-4D14-9EBC-86EBE1EDB9E7}.Debug|Any CPU.ActiveCfg = Debug|Any CPU
		{EFA1E5D4-2252-4D14-9EBC-86EBE1EDB9E7}.Debug|Any CPU.Build.0 = Debug|Any CPU
		{EFA1E5D4-2252-4D14-9EBC-86EBE1EDB9E7}.Release|Any CPU.ActiveCfg = Release|Any CPU
		{EFA1E5D4-2252-4D14-9EBC-86EBE1EDB9E7}.Release|Any CPU.Build.0 = Release|Any CPU
		{4F986E49-79C5-44C4-A881-8FCE4E8B8199}.Debug|Any CPU.ActiveCfg = Debug|Any CPU
		{4F986E49-79C5-44C4-A881-8FCE4E8B8199}.Debug|Any CPU.Build.0 = Debug|Any CPU
		{4F986E49-79C5-44C4-A881-8FCE4E8B8199}.Release|Any CPU.ActiveCfg = Release|Any CPU
		{4F986E49-79C5-44C4-A881-8FCE4E8B8199}.Release|Any CPU.Build.0 = Release|Any CPU
		{06CD1D86-198D-4CE2-A5D0-7B5D46C7D105}.Debug|Any CPU.ActiveCfg = Debug|Any CPU
		{06CD1D86-198D-4CE2-A5D0-7B5D46C7D105}.Debug|Any CPU.Build.0 = Debug|Any CPU
		{06CD1D86-198D-4CE2-A5D0-7B5D46C7D105}.Release|Any CPU.ActiveCfg = Release|Any CPU
		{06CD1D86-198D-4CE2-A5D0-7B5D46C7D105}.Release|Any CPU.Build.0 = Release|Any CPU
		{ADCD1A6D-0883-47BF-A802-7541CBCB9C5F}.Debug|Any CPU.ActiveCfg = Debug|Any CPU
		{ADCD1A6D-0883-47BF-A802-7541CBCB9C5F}.Debug|Any CPU.Build.0 = Debug|Any CPU
		{ADCD1A6D-0883-47BF-A802-7541CBCB9C5F}.Release|Any CPU.ActiveCfg = Release|Any CPU
		{ADCD1A6D-0883-47BF-A802-7541CBCB9C5F}.Release|Any CPU.Build.0 = Release|Any CPU
		{B114B65F-FD8F-4BAF-B85D-5B6CAAC4B7CD}.Debug|Any CPU.ActiveCfg = Debug|Any CPU
		{B114B65F-FD8F-4BAF-B85D-5B6CAAC4B7CD}.Debug|Any CPU.Build.0 = Debug|Any CPU
		{B114B65F-FD8F-4BAF-B85D-5B6CAAC4B7CD}.Release|Any CPU.ActiveCfg = Release|Any CPU
		{B114B65F-FD8F-4BAF-B85D-5B6CAAC4B7CD}.Release|Any CPU.Build.0 = Release|Any CPU
	EndGlobalSection
	GlobalSection(SolutionProperties) = preSolution
		HideSolutionNode = FALSE
	EndGlobalSection
	GlobalSection(ExtensibilityGlobals) = postSolution
		SolutionGuid = {1DE998CD-5F5E-47A5-8F5F-6E528220FAC0}
	EndGlobalSection
EndGlobal
